
Microsoft Visual Studio Solution File, Format Version 12.00
# Visual Studio Version 17
VisualStudioVersion = 17.11.35312.102
MinimumVisualStudioVersion = 10.0.40219.1
Project("{FAE04EC0-301F-11D3-BF4B-00C04F79EFBC}") = "OrganizerGantt.Api", "OrganizerGantt.Api\OrganizerGantt.Api.csproj", "{02576214-7AA3-48A2-ACBF-1F4FF34076E1}"
EndProject
Global
	GlobalSection(SolutionConfigurationPlatforms) = preSolution
		Debug|Any CPU = Debug|Any CPU
		Release|Any CPU = Release|Any CPU
	EndGlobalSection
	GlobalSection(ProjectConfigurationPlatforms) = postSolution
		{02576214-7AA3-48A2-ACBF-1F4FF34076E1}.Debug|Any CPU.ActiveCfg = Debug|Any CPU
		{02576214-7AA3-48A2-ACBF-1F4FF34076E1}.Debug|Any CPU.Build.0 = Debug|Any CPU
		{02576214-7AA3-48A2-ACBF-1F4FF34076E1}.Release|Any CPU.ActiveCfg = Release|Any CPU
		{02576214-7AA3-48A2-ACBF-1F4FF34076E1}.Release|Any CPU.Build.0 = Release|Any CPU
	EndGlobalSection
	GlobalSection(SolutionProperties) = preSolution
		HideSolutionNode = FALSE
	EndGlobalSection
	GlobalSection(ExtensibilityGlobals) = postSolution
		SolutionGuid = {6587CBA7-7C65-4EBA-8F4B-9C13EE066AD7}
	EndGlobalSection
EndGlobal
